{
  "version": 4,
  "terraform_version": "1.12.2",
  "serial": 51,
  "lineage": "72b16b15-f99f-cacf-6853-2b50731d44d2",
  "outputs": {
    "instance_name": {
      "value": "nginx-vm",
      "type": "string"
    }
  },
  "resources": [
    {
      "mode": "managed",
      "type": "google_compute_firewall",
      "name": "allow-internal",
      "provider": "provider[\"registry.terraform.io/hashicorp/google\"]",
      "instances": [
        {
          "schema_version": 1,
          "attributes": {
            "allow": [
              {
                "ports": [
                  "0-65535"
                ],
                "protocol": "tcp"
              }
            ],
            "creation_timestamp": "2025-07-01T03:58:08.130-07:00",
            "deny": [],
            "description": "",
            "destination_ranges": [],
            "direction": "INGRESS",
            "disabled": false,
            "enable_logging": null,
            "id": "projects/firm-reef-464609-q5/global/firewalls/allow-firewall",
            "log_config": [],
            "name": "allow-firewall",
            "network": "https://www.googleapis.com/compute/v1/projects/firm-reef-464609-q5/global/networks/demo-vpc",
            "priority": 1000,
            "project": "firm-reef-464609-q5",
            "self_link": "https://www.googleapis.com/compute/v1/projects/firm-reef-464609-q5/global/firewalls/allow-firewall",
            "source_ranges": [
              "10.0.0.0/16"
            ],
            "source_service_accounts": [],
            "source_tags": [],
            "target_service_accounts": [],
            "target_tags": [],
            "timeouts": null
          },
          "sensitive_attributes": [],
          "identity_schema_version": 0,
          "private": "eyJlMmJmYjczMC1lY2FhLTExZTYtOGY4OC0zNDM2M2JjN2M0YzAiOnsiY3JlYXRlIjoxMjAwMDAwMDAwMDAwLCJkZWxldGUiOjEyMDAwMDAwMDAwMDAsInVwZGF0ZSI6MTIwMDAwMDAwMDAwMH0sInNjaGVtYV92ZXJzaW9uIjoiMSJ9",
          "dependencies": [
            "google_compute_network.vpc_network"
          ]
        }
      ]
    },
    {
      "mode": "managed",
      "type": "google_compute_firewall",
      "name": "allow-ssh-http",
      "provider": "provider[\"registry.terraform.io/hashicorp/google\"]",
      "instances": [
        {
          "schema_version": 1,
          "attributes": {
            "allow": [
              {
                "ports": [
                  "22",
                  "80"
                ],
                "protocol": "tcp"
              }
            ],
            "creation_timestamp": "2025-07-01T03:58:08.137-07:00",
            "deny": [],
            "description": "",
            "destination_ranges": [],
            "direction": "INGRESS",
            "disabled": false,
            "enable_logging": null,
            "id": "projects/firm-reef-464609-q5/global/firewalls/allow-ssh-http",
            "log_config": [],
            "name": "allow-ssh-http",
            "network": "https://www.googleapis.com/compute/v1/projects/firm-reef-464609-q5/global/networks/demo-vpc",
            "priority": 1000,
            "project": "firm-reef-464609-q5",
            "self_link": "https://www.googleapis.com/compute/v1/projects/firm-reef-464609-q5/global/firewalls/allow-ssh-http",
            "source_ranges": [
              "0.0.0.0/0"
            ],
            "source_service_accounts": [],
            "source_tags": [],
            "target_service_accounts": [],
            "target_tags": [],
            "timeouts": null
          },
          "sensitive_attributes": [],
          "identity_schema_version": 0,
          "private": "eyJlMmJmYjczMC1lY2FhLTExZTYtOGY4OC0zNDM2M2JjN2M0YzAiOnsiY3JlYXRlIjoxMjAwMDAwMDAwMDAwLCJkZWxldGUiOjEyMDAwMDAwMDAwMDAsInVwZGF0ZSI6MTIwMDAwMDAwMDAwMH0sInNjaGVtYV92ZXJzaW9uIjoiMSJ9",
          "dependencies": [
            "google_compute_network.vpc_network"
          ]
        }
      ]
    },
    {
      "mode": "managed",
      "type": "google_compute_instance",
      "name": "nginvx_vm",
      "provider": "provider[\"registry.terraform.io/hashicorp/google\"]",
      "instances": [
        {
          "schema_version": 6,
          "attributes": {
            "advanced_machine_features": [],
            "allow_stopping_for_update": null,
            "attached_disk": [],
            "boot_disk": [
              {
                "auto_delete": true,
                "device_name": "persistent-disk-0",
                "disk_encryption_key_raw": "",
                "disk_encryption_key_rsa": "",
                "disk_encryption_key_sha256": "",
                "disk_encryption_service_account": "",
                "force_attach": false,
                "guest_os_features": [
                  "UEFI_COMPATIBLE",
                  "VIRTIO_SCSI_MULTIQUEUE",
                  "GVNIC",
                  "SEV_CAPABLE",
                  "SEV_LIVE_MIGRATABLE_V2"
                ],
                "initialize_params": [
                  {
                    "architecture": "X86_64",
                    "enable_confidential_compute": false,
                    "image": "https://www.googleapis.com/compute/v1/projects/debian-cloud/global/images/debian-12-bookworm-v20250610",
                    "labels": {},
                    "provisioned_iops": 0,
                    "provisioned_throughput": 0,
                    "resource_manager_tags": {},
                    "resource_policies": [],
                    "size": 10,
                    "snapshot": "",
                    "source_image_encryption_key": [],
                    "source_snapshot_encryption_key": [],
                    "storage_pool": "",
                    "type": "pd-standard"
                  }
                ],
                "interface": "",
                "kms_key_self_link": "",
                "mode": "READ_WRITE",
                "source": "https://www.googleapis.com/compute/v1/projects/firm-reef-464609-q5/zones/europe-west1-b/disks/nginx-vm"
              }
            ],
            "can_ip_forward": false,
            "confidential_instance_config": [],
            "cpu_platform": "Intel Broadwell",
            "creation_timestamp": "2025-07-01T06:59:20.492-07:00",
            "current_status": "RUNNING",
            "deletion_protection": false,
            "description": "",
            "desired_status": null,
            "effective_labels": {
              "goog-terraform-provisioned": "true"
            },
            "enable_display": false,
            "guest_accelerator": [],
            "hostname": "",
            "id": "projects/firm-reef-464609-q5/zones/europe-west1-b/instances/nginx-vm",
            "instance_encryption_key": [],
            "instance_id": "8166552095010215768",
            "key_revocation_action_type": "",
            "label_fingerprint": "vezUS-42LLM=",
            "labels": {},
            "machine_type": "e2-micro",
            "metadata": {
              "ssh-keys": "terraform:ssh-rsa AAAAB3NzaC1yc2EAAAADAQABAAACAQDDQP1QNs5KupS8GMjqGWjvqdbIxzOns837G9cU5LrzfcI0nYQXGFuTfWvfYFYUM5IrmeLdbjsSedpeO6RT2g0CBPRKaHieFdytsnpQJYTlNgVLuDAyxSwKYVCcsdV3G3kIvEprjH8/As35P1Z39cob2UvZy1OYq33cuyphFRjKFyZSX9C1PwyEx0XsaQ55ae6HpyAMqNRc+9AqlZjpBReb8jF2IP6elNGMihOZ0+i3Liqzx7tsmh3kJUGqyrF5AXRes4X5Bf3KrnciSpbHEyqqxzWwUOXKkiUYFLh9dv+2LUJsSSR2RlWqcQ9LApEaVPR5mA+OYsjmksnXsOhgNfcgWZZCRfF0JaYA8Q+vFVUxxBWT13tLqlNzF8WhB6mbVaNsGA9+C6U/lqrH6/tf9qu8WZAT5SzdwhpPaN3IUojrJFAp8rFEdiySLcYiVi+EL4YF8JzvItTY8bE1yvaWQpwLDe/xstJYXlyq/4wyHXi3bt/eRuzFVN55szYFwYdbs4gcZLOUJ/ScpkVr3sEBwKsY3jx9ZZebXvnZgVkKUIFiSmCIevlHBVnJU9om92F1pDSMvSv7gHV0Rfqwcxahx7hVvRR0R1nldFgBF2l9rl2uw4jmtGfdrONaPVCp61bNJQz6T75db1IursJ4AemZNZ4Apqt/MQNM00BBpsjn7NT8tQ== terraform\r\n"
            },
            "metadata_fingerprint": "H-Tp6MG2Lzg=",
            "metadata_startup_script": "#! /bin/bash\r\napt-get update\r\napt-get install -y nginx\r\nsystemctl start nginx\r\nsystemctl enable nginx\r\n",
            "min_cpu_platform": "",
            "name": "nginx-vm",
            "network_interface": [
              {
                "access_config": [
                  {
                    "nat_ip": "34.22.147.20",
                    "network_tier": "PREMIUM",
                    "public_ptr_domain_name": ""
                  }
                ],
                "alias_ip_range": [],
                "internal_ipv6_prefix_length": 0,
                "ipv6_access_config": [],
                "ipv6_access_type": "",
                "ipv6_address": "",
                "name": "nic0",
                "network": "https://www.googleapis.com/compute/v1/projects/firm-reef-464609-q5/global/networks/demo-vpc",
                "network_attachment": "",
                "network_ip": "10.0.0.2",
                "nic_type": "",
                "queue_count": 0,
                "stack_type": "IPV4_ONLY",
                "subnetwork": "https://www.googleapis.com/compute/v1/projects/firm-reef-464609-q5/regions/europe-west1/subnetworks/demo-subnet",
                "subnetwork_project": "firm-reef-464609-q5"
              }
            ],
            "network_performance_config": [],
            "params": [],
            "project": "firm-reef-464609-q5",
            "reservation_affinity": [],
            "resource_policies": [],
            "scheduling": [
              {
                "automatic_restart": true,
                "availability_domain": 0,
                "instance_termination_action": "",
                "local_ssd_recovery_timeout": [],
                "max_run_duration": [],
                "min_node_cpus": 0,
                "node_affinities": [],
                "on_host_maintenance": "MIGRATE",
                "on_instance_stop_action": [],
                "preemptible": false,
                "provisioning_model": "STANDARD",
                "termination_time": ""
              }
            ],
            "scratch_disk": [],
            "self_link": "https://www.googleapis.com/compute/v1/projects/firm-reef-464609-q5/zones/europe-west1-b/instances/nginx-vm",
            "service_account": [],
            "shielded_instance_config": [
              {
                "enable_integrity_monitoring": true,
                "enable_secure_boot": false,
                "enable_vtpm": true
              }
            ],
            "tags": [
              "http-server",
              "https-server",
              "ssh"
            ],
            "tags_fingerprint": "xEi19su0rvw=",
            "terraform_labels": {
              "goog-terraform-provisioned": "true"
            },
            "timeouts": null,
            "zone": "europe-west1-b"
          },
          "sensitive_attributes": [
            [
              {
                "type": "get_attr",
                "value": "boot_disk"
              },
              {
                "type": "index",
                "value": {
                  "value": 0,
                  "type": "number"
                }
              },
              {
                "type": "get_attr",
                "value": "disk_encryption_key_raw"
              }
            ],
            [
              {
                "type": "get_attr",
                "value": "boot_disk"
              },
              {
                "type": "index",
                "value": {
                  "value": 0,
                  "type": "number"
                }
              },
              {
                "type": "get_attr",
                "value": "disk_encryption_key_rsa"
              }
            ]
          ],
          "identity_schema_version": 0,
          "private": "eyJlMmJmYjczMC1lY2FhLTExZTYtOGY4OC0zNDM2M2JjN2M0YzAiOnsiY3JlYXRlIjoxMjAwMDAwMDAwMDAwLCJkZWxldGUiOjEyMDAwMDAwMDAwMDAsInVwZGF0ZSI6MTIwMDAwMDAwMDAwMH0sInNjaGVtYV92ZXJzaW9uIjoiNiJ9",
          "dependencies": [
            "google_compute_network.vpc_network",
            "google_compute_subnetwork.vpc_subnet"
          ]
        }
      ]
    },
    {
      "mode": "managed",
      "type": "google_compute_network",
      "name": "vpc_network",
      "provider": "provider[\"registry.terraform.io/hashicorp/google\"]",
      "instances": [
        {
          "schema_version": 0,
          "attributes": {
            "auto_create_subnetworks": false,
            "bgp_always_compare_med": false,
            "bgp_best_path_selection_mode": "LEGACY",
            "bgp_inter_region_cost": "",
            "delete_default_routes_on_create": false,
            "description": "",
            "enable_ula_internal_ipv6": false,
            "gateway_ipv4": "",
            "id": "projects/firm-reef-464609-q5/global/networks/demo-vpc",
            "internal_ipv6_range": "",
            "mtu": 0,
            "name": "demo-vpc",
            "network_firewall_policy_enforcement_order": "AFTER_CLASSIC_FIREWALL",
            "network_id": "3429022538377593307",
            "network_profile": "",
            "numeric_id": "3429022538377593307",
            "project": "firm-reef-464609-q5",
            "routing_mode": "REGIONAL",
            "self_link": "https://www.googleapis.com/compute/v1/projects/firm-reef-464609-q5/global/networks/demo-vpc",
            "timeouts": null
          },
          "sensitive_attributes": [],
          "identity_schema_version": 0,
          "private": "eyJlMmJmYjczMC1lY2FhLTExZTYtOGY4OC0zNDM2M2JjN2M0YzAiOnsiY3JlYXRlIjoxMjAwMDAwMDAwMDAwLCJkZWxldGUiOjEyMDAwMDAwMDAwMDAsInVwZGF0ZSI6MTIwMDAwMDAwMDAwMH19"
        }
      ]
    },
    {
      "mode": "managed",
      "type": "google_compute_subnetwork",
      "name": "vpc_subnet",
      "provider": "provider[\"registry.terraform.io/hashicorp/google\"]",
      "instances": [
        {
          "schema_version": 0,
          "attributes": {
            "creation_timestamp": "2025-07-01T03:58:09.932-07:00",
            "description": "",
            "enable_flow_logs": false,
            "external_ipv6_prefix": "",
            "fingerprint": null,
            "gateway_address": "10.0.0.1",
            "id": "projects/firm-reef-464609-q5/regions/europe-west1/subnetworks/demo-subnet",
            "internal_ipv6_prefix": "",
            "ip_cidr_range": "10.0.0.0/16",
            "ip_collection": null,
            "ipv6_access_type": "",
            "ipv6_cidr_range": "",
            "ipv6_gce_endpoint": "",
            "log_config": [],
            "name": "demo-subnet",
            "network": "https://www.googleapis.com/compute/v1/projects/firm-reef-464609-q5/global/networks/demo-vpc",
            "private_ip_google_access": false,
            "private_ipv6_google_access": "DISABLE_GOOGLE_ACCESS",
            "project": "firm-reef-464609-q5",
            "purpose": "PRIVATE",
            "region": "europe-west1",
            "reserved_internal_range": "",
            "role": "",
            "secondary_ip_range": [],
            "self_link": "https://www.googleapis.com/compute/v1/projects/firm-reef-464609-q5/regions/europe-west1/subnetworks/demo-subnet",
            "send_secondary_ip_range_if_empty": null,
            "stack_type": "IPV4_ONLY",
            "state": "",
            "subnetwork_id": 7941725237262811566,
            "timeouts": null
          },
          "sensitive_attributes": [],
          "identity_schema_version": 0,
          "private": "eyJlMmJmYjczMC1lY2FhLTExZTYtOGY4OC0zNDM2M2JjN2M0YzAiOnsiY3JlYXRlIjoxMjAwMDAwMDAwMDAwLCJkZWxldGUiOjEyMDAwMDAwMDAwMDAsInVwZGF0ZSI6MTIwMDAwMDAwMDAwMH19",
          "dependencies": [
            "google_compute_network.vpc_network"
          ]
        }
      ]
    },
    {
      "mode": "managed",
      "type": "google_storage_bucket",
      "name": "function_bucket",
      "provider": "provider[\"registry.terraform.io/hashicorp/google\"]",
      "instances": [
        {
          "schema_version": 3,
          "attributes": {
            "autoclass": [],
            "cors": [],
            "custom_placement_config": [],
            "default_event_based_hold": false,
            "effective_labels": {
              "goog-terraform-provisioned": "true"
            },
            "enable_object_retention": false,
            "encryption": [],
            "force_destroy": true,
            "hierarchical_namespace": [
              {
                "enabled": false
              }
            ],
            "id": "firm-reef-464609-q5-function-bucket",
            "ip_filter": [],
            "labels": {},
            "lifecycle_rule": [],
            "location": "EUROPE-WEST1",
            "logging": [],
            "name": "firm-reef-464609-q5-function-bucket",
            "project": "firm-reef-464609-q5",
            "project_number": 54770924728,
            "public_access_prevention": "inherited",
            "requester_pays": false,
            "retention_policy": [],
            "rpo": null,
            "self_link": "https://www.googleapis.com/storage/v1/b/firm-reef-464609-q5-function-bucket",
            "soft_delete_policy": [
              {
                "effective_time": "2025-07-01T10:57:56.350Z",
                "retention_duration_seconds": 604800
              }
            ],
            "storage_class": "STANDARD",
            "terraform_labels": {
              "goog-terraform-provisioned": "true"
            },
            "time_created": "2025-07-01T10:57:56.350Z",
            "timeouts": null,
            "uniform_bucket_level_access": true,
            "updated": "2025-07-01T10:57:56.350Z",
            "url": "gs://firm-reef-464609-q5-function-bucket",
            "versioning": [],
            "website": []
          },
          "sensitive_attributes": [],
          "identity_schema_version": 0,
          "private": "eyJlMmJmYjczMC1lY2FhLTExZTYtOGY4OC0zNDM2M2JjN2M0YzAiOnsiY3JlYXRlIjo2MDAwMDAwMDAwMDAsInJlYWQiOjI0MDAwMDAwMDAwMCwidXBkYXRlIjoyNDAwMDAwMDAwMDB9LCJzY2hlbWFfdmVyc2lvbiI6IjMifQ=="
        }
      ]
    },
    {
      "mode": "managed",
      "type": "google_storage_bucket_object",
      "name": "function_zip",
      "provider": "provider[\"registry.terraform.io/hashicorp/google\"]",
      "instances": [
        {
          "schema_version": 0,
          "attributes": {
            "bucket": "firm-reef-464609-q5-function-bucket",
            "cache_control": "",
            "content": null,
            "content_disposition": "",
            "content_encoding": "",
            "content_language": "",
            "content_type": "application/zip",
            "crc32c": "i1eRbQ==",
            "customer_encryption": [],
            "detect_md5hash": "8os4upCXR0xpnLlV64arhw==",
            "event_based_hold": false,
            "generation": 1751383850287432,
            "id": "firm-reef-464609-q5-function-bucket-TrafficoBegnigno.zip",
            "kms_key_name": "",
            "md5hash": "8os4upCXR0xpnLlV64arhw==",
            "md5hexhash": "f28b38ba9097474c699cb955eb86ab87",
            "media_link": "https://storage.googleapis.com/download/storage/v1/b/firm-reef-464609-q5-function-bucket/o/TrafficoBegnigno.zip?generation=1751383850287432\u0026alt=media",
            "metadata": null,
            "name": "TrafficoBegnigno.zip",
            "output_name": "TrafficoBegnigno.zip",
            "retention": [],
            "self_link": "https://www.googleapis.com/storage/v1/b/firm-reef-464609-q5-function-bucket/o/TrafficoBegnigno.zip",
            "source": "C:/Users/loren/Desktop/Uni/Scalable Project/TrafficoBegnigno/TrafficoBegnigno.zip",
            "source_md5hash": "",
            "storage_class": "STANDARD",
            "temporary_hold": false,
            "timeouts": null
          },
          "sensitive_attributes": [
            [
              {
                "type": "get_attr",
                "value": "content"
              }
            ]
          ],
          "identity_schema_version": 0,
          "private": "eyJlMmJmYjczMC1lY2FhLTExZTYtOGY4OC0zNDM2M2JjN2M0YzAiOnsiY3JlYXRlIjoyNDAwMDAwMDAwMDAsImRlbGV0ZSI6MjQwMDAwMDAwMDAwLCJ1cGRhdGUiOjI0MDAwMDAwMDAwMH19",
          "dependencies": [
            "google_storage_bucket.function_bucket"
          ]
        }
      ]
    }
  ],
  "check_results": null
}
