{
  "version": 4,
  "terraform_version": "1.12.2",
  "serial": 76,
  "lineage": "ac080890-77ca-07d1-6273-a228ad562dc3",
  "outputs": {
    "cloudsql_connection_name": {
      "value": "gruppo-9-456912:europe-west1:simulation-db-instance",
      "type": "string"
    },
    "cloudsql_public_ip_address": {
      "value": "35.187.191.119",
      "type": "string"
    },
    "gcs_bucket_url": {
      "value": "https://www.googleapis.com/storage/v1/b/gruppo-9-456912-gcs-bucket",
      "type": "string"
    },
    "instance_ips": {
      "value": {
        "attacker-node": {
          "internal_ip": "10.0.1.3",
          "public_ip": "34.38.237.223"
        },
        "db-server": {
          "internal_ip": "10.0.3.2",
          "public_ip": null
        },
        "internal-client-1": {
          "internal_ip": "10.0.2.2",
          "public_ip": null
        },
        "web-server": {
          "internal_ip": "10.0.1.2",
          "public_ip": "34.79.246.235"
        }
      },
      "type": [
        "object",
        {
          "attacker-node": [
            "object",
            {
              "internal_ip": "string",
              "public_ip": "string"
            }
          ],
          "db-server": [
            "object",
            {
              "internal_ip": "string",
              "public_ip": "dynamic"
            }
          ],
          "internal-client-1": [
            "object",
            {
              "internal_ip": "string",
              "public_ip": "dynamic"
            }
          ],
          "web-server": [
            "object",
            {
              "internal_ip": "string",
              "public_ip": "string"
            }
          ]
        }
      ]
    },
    "subnet_info": {
      "value": {
        "db-subnet": {
          "ip_cidr_range": "10.0.3.0/24",
          "self_link": "https://www.googleapis.com/compute/v1/projects/gruppo-9-456912/regions/europe-west1/subnetworks/db-subnet"
        },
        "dmz-subnet": {
          "ip_cidr_range": "10.0.1.0/24",
          "self_link": "https://www.googleapis.com/compute/v1/projects/gruppo-9-456912/regions/europe-west1/subnetworks/dmz-subnet"
        },
        "internal-subnet": {
          "ip_cidr_range": "10.0.2.0/24",
          "self_link": "https://www.googleapis.com/compute/v1/projects/gruppo-9-456912/regions/europe-west1/subnetworks/internal-subnet"
        }
      },
      "type": [
        "object",
        {
          "db-subnet": [
            "object",
            {
              "ip_cidr_range": "string",
              "self_link": "string"
            }
          ],
          "dmz-subnet": [
            "object",
            {
              "ip_cidr_range": "string",
              "self_link": "string"
            }
          ],
          "internal-subnet": [
            "object",
            {
              "ip_cidr_range": "string",
              "self_link": "string"
            }
          ]
        }
      ]
    },
    "vpc_self_link": {
      "value": "https://www.googleapis.com/compute/v1/projects/gruppo-9-456912/global/networks/security-sim-vpc",
      "type": "string"
    }
  },
  "resources": [
    {
      "mode": "managed",
      "type": "google_compute_global_address",
      "name": "private_ip_alloc",
      "provider": "provider[\"registry.terraform.io/hashicorp/google\"]",
      "instances": [
        {
          "schema_version": 0,
          "attributes": {
            "address": "10.165.48.0",
            "address_type": "INTERNAL",
            "creation_timestamp": "2025-07-02T15:24:55.865-07:00",
            "description": "",
            "effective_labels": {
              "goog-terraform-provisioned": "true"
            },
            "id": "projects/gruppo-9-456912/global/addresses/google-managed-services-private-ip-range",
            "ip_version": "",
            "label_fingerprint": "vezUS-42LLM=",
            "labels": {},
            "name": "google-managed-services-private-ip-range",
            "network": "https://www.googleapis.com/compute/v1/projects/gruppo-9-456912/global/networks/security-sim-vpc",
            "prefix_length": 20,
            "project": "gruppo-9-456912",
            "purpose": "VPC_PEERING",
            "self_link": "https://www.googleapis.com/compute/v1/projects/gruppo-9-456912/global/addresses/google-managed-services-private-ip-range",
            "terraform_labels": {
              "goog-terraform-provisioned": "true"
            },
            "timeouts": null
          },
          "sensitive_attributes": [],
          "identity_schema_version": 0,
          "private": "eyJlMmJmYjczMC1lY2FhLTExZTYtOGY4OC0zNDM2M2JjN2M0YzAiOnsiY3JlYXRlIjoxMjAwMDAwMDAwMDAwLCJkZWxldGUiOjEyMDAwMDAwMDAwMDAsInVwZGF0ZSI6MTIwMDAwMDAwMDAwMH19",
          "dependencies": [
            "google_project_service.service_networking",
            "module.vpc.google_compute_network.main_vpc"
          ]
        }
      ]
    },
    {
      "mode": "managed",
      "type": "google_project_iam_member",
      "name": "client_gcs_reader",
      "provider": "provider[\"registry.terraform.io/hashicorp/google\"]",
      "instances": [
        {
          "schema_version": 0,
          "attributes": {
            "condition": [],
            "etag": "BwY5A7Eyilk=",
            "id": "gruppo-9-456912/roles/storage.objectViewer/serviceAccount:client-vm-sa@gruppo-9-456912.iam.gserviceaccount.com",
            "member": "serviceAccount:client-vm-sa@gruppo-9-456912.iam.gserviceaccount.com",
            "project": "gruppo-9-456912",
            "role": "roles/storage.objectViewer"
          },
          "sensitive_attributes": [],
          "identity_schema_version": 0,
          "private": "bnVsbA==",
          "dependencies": [
            "google_service_account.client_vm_sa",
            "module.cloud_storage.google_storage_bucket.main_bucket"
          ]
        }
      ]
    },
    {
      "mode": "managed",
      "type": "google_project_service",
      "name": "service_networking",
      "provider": "provider[\"registry.terraform.io/hashicorp/google\"]",
      "instances": [
        {
          "schema_version": 0,
          "attributes": {
            "disable_dependent_services": false,
            "disable_on_destroy": false,
            "id": "gruppo-9-456912/servicenetworking.googleapis.com",
            "project": "gruppo-9-456912",
            "service": "servicenetworking.googleapis.com",
            "timeouts": null
          },
          "sensitive_attributes": [],
          "identity_schema_version": 0,
          "private": "eyJlMmJmYjczMC1lY2FhLTExZTYtOGY4OC0zNDM2M2JjN2M0YzAiOnsiY3JlYXRlIjoxMjAwMDAwMDAwMDAwLCJkZWxldGUiOjEyMDAwMDAwMDAwMDAsInJlYWQiOjYwMDAwMDAwMDAwMCwidXBkYXRlIjoxMjAwMDAwMDAwMDAwfX0="
        }
      ]
    },
    {
      "mode": "managed",
      "type": "google_service_account",
      "name": "client_vm_sa",
      "provider": "provider[\"registry.terraform.io/hashicorp/google\"]",
      "instances": [
        {
          "schema_version": 0,
          "attributes": {
            "account_id": "client-vm-sa",
            "create_ignore_already_exists": null,
            "description": "",
            "disabled": false,
            "display_name": "Service Account for Internal Client VM",
            "email": "client-vm-sa@gruppo-9-456912.iam.gserviceaccount.com",
            "id": "projects/gruppo-9-456912/serviceAccounts/client-vm-sa@gruppo-9-456912.iam.gserviceaccount.com",
            "member": "serviceAccount:client-vm-sa@gruppo-9-456912.iam.gserviceaccount.com",
            "name": "projects/gruppo-9-456912/serviceAccounts/client-vm-sa@gruppo-9-456912.iam.gserviceaccount.com",
            "project": "gruppo-9-456912",
            "timeouts": null,
            "unique_id": "106033755067435370758"
          },
          "sensitive_attributes": [],
          "identity_schema_version": 0,
          "private": "eyJlMmJmYjczMC1lY2FhLTExZTYtOGY4OC0zNDM2M2JjN2M0YzAiOnsiY3JlYXRlIjozMDAwMDAwMDAwMDB9fQ=="
        }
      ]
    },
    {
      "mode": "managed",
      "type": "google_service_networking_connection",
      "name": "vpc_private_connection",
      "provider": "provider[\"registry.terraform.io/hashicorp/google\"]",
      "instances": [
        {
          "schema_version": 0,
          "attributes": {
            "deletion_policy": null,
            "id": "https%3A%2F%2Fwww.googleapis.com%2Fcompute%2Fv1%2Fprojects%2Fgruppo-9-456912%2Fglobal%2Fnetworks%2Fsecurity-sim-vpc:servicenetworking.googleapis.com",
            "network": "https://www.googleapis.com/compute/v1/projects/gruppo-9-456912/global/networks/security-sim-vpc",
            "peering": "servicenetworking-googleapis-com",
            "reserved_peering_ranges": [
              "google-managed-services-private-ip-range"
            ],
            "service": "servicenetworking.googleapis.com",
            "timeouts": null,
            "update_on_creation_fail": null
          },
          "sensitive_attributes": [],
          "identity_schema_version": 0,
          "private": "eyJlMmJmYjczMC1lY2FhLTExZTYtOGY4OC0zNDM2M2JjN2M0YzAiOnsiY3JlYXRlIjo2MDAwMDAwMDAwMDAsImRlbGV0ZSI6NjAwMDAwMDAwMDAwLCJ1cGRhdGUiOjYwMDAwMDAwMDAwMH19",
          "dependencies": [
            "google_compute_global_address.private_ip_alloc",
            "google_project_service.service_networking",
            "module.vpc.google_compute_network.main_vpc"
          ]
        }
      ]
    },
    {
      "module": "module.cloud_sql",
      "mode": "managed",
      "type": "google_sql_database",
      "name": "main_database",
      "provider": "provider[\"registry.terraform.io/hashicorp/google\"]",
      "instances": [
        {
          "schema_version": 0,
          "attributes": {
            "charset": "utf8mb3",
            "collation": "utf8mb3_general_ci",
            "deletion_policy": "DELETE",
            "id": "projects/gruppo-9-456912/instances/simulation-db-instance/databases/simulation_data",
            "instance": "simulation-db-instance",
            "name": "simulation_data",
            "project": "gruppo-9-456912",
            "self_link": "https://sqladmin.googleapis.com/sql/v1beta4/projects/gruppo-9-456912/instances/simulation-db-instance/databases/simulation_data",
            "timeouts": null
          },
          "sensitive_attributes": [],
          "identity_schema_version": 0,
          "private": "eyJlMmJmYjczMC1lY2FhLTExZTYtOGY4OC0zNDM2M2JjN2M0YzAiOnsiY3JlYXRlIjoxMjAwMDAwMDAwMDAwLCJkZWxldGUiOjEyMDAwMDAwMDAwMDAsInVwZGF0ZSI6MTIwMDAwMDAwMDAwMH19",
          "dependencies": [
            "module.cloud_sql.google_sql_database_instance.main_instance",
            "module.vpc.google_compute_network.main_vpc"
          ]
        }
      ]
    },
    {
      "module": "module.cloud_sql",
      "mode": "managed",
      "type": "google_sql_database_instance",
      "name": "main_instance",
      "provider": "provider[\"registry.terraform.io/hashicorp/google\"]",
      "instances": [
        {
          "schema_version": 0,
          "attributes": {
            "available_maintenance_versions": [],
            "clone": [],
            "connection_name": "gruppo-9-456912:europe-west1:simulation-db-instance",
            "database_version": "MYSQL_8_0",
            "deletion_protection": true,
            "dns_name": "",
            "dns_names": [],
            "encryption_key_name": null,
            "first_ip_address": "35.187.191.119",
            "id": "simulation-db-instance",
            "instance_type": "CLOUD_SQL_INSTANCE",
            "ip_address": [
              {
                "ip_address": "35.187.191.119",
                "time_to_retire": "",
                "type": "PRIMARY"
              },
              {
                "ip_address": "10.165.48.3",
                "time_to_retire": "",
                "type": "PRIVATE"
              }
            ],
            "maintenance_version": "MYSQL_8_0_41.R20250304.00_05",
            "master_instance_name": "",
            "name": "simulation-db-instance",
            "private_ip_address": "10.165.48.3",
            "project": "gruppo-9-456912",
            "psc_service_attachment_link": "",
            "public_ip_address": "35.187.191.119",
            "region": "europe-west1",
            "replica_configuration": [],
            "replica_names": [],
            "replication_cluster": [
              {
                "dr_replica": false,
                "failover_dr_replica_name": ""
              }
            ],
            "restore_backup_context": [],
            "root_password": null,
            "self_link": "https://sqladmin.googleapis.com/sql/v1beta4/projects/gruppo-9-456912/instances/simulation-db-instance",
            "server_ca_cert": [
              {
                "cert": "-----BEGIN CERTIFICATE-----\nMIIDfzCCAmegAwIBAgIBADANBgkqhkiG9w0BAQsFADB3MS0wKwYDVQQuEyRiYjI2\nOGE2NS0yMzc2LTQ2OGItYjgxNC0wNGIxNDEzOGIzZTMxIzAhBgNVBAMTGkdvb2ds\nZSBDbG91ZCBTUUwgU2VydmVyIENBMRQwEgYDVQQKEwtHb29nbGUsIEluYzELMAkG\nA1UEBhMCVVMwHhcNMjUwNzAyMjIzNjMwWhcNMzUwNjMwMjIzNzMwWjB3MS0wKwYD\nVQQuEyRiYjI2OGE2NS0yMzc2LTQ2OGItYjgxNC0wNGIxNDEzOGIzZTMxIzAhBgNV\nBAMTGkdvb2dsZSBDbG91ZCBTUUwgU2VydmVyIENBMRQwEgYDVQQKEwtHb29nbGUs\nIEluYzELMAkGA1UEBhMCVVMwggEiMA0GCSqGSIb3DQEBAQUAA4IBDwAwggEKAoIB\nAQDnyyoF++qs9aKvh9sU5vfM+X5CWhy/ASAhUJ6LJddBnD6htsCLWcxcuaROcJ4I\nudCApGEmcQQbahfiGE8mgQJ66RAtjz1kvtwQFNEyiajXKjvWpFqt3pbCr+Ox8cRE\n3HXmEGvhQKTS9lnOaUYR1Ijlj4uU8+y6Kjpz+jRfOBsqhKhvn0qMboZ3rRSkFQNr\nis3BkW5dm26IXvJNr1/Z2XWUwsQz/YaM9YFp6tpvDxEoERYcMAA6bI0XBVvyXP0i\na5PTdw+YERZA0KyiFR4Z1yqG4HZbjoOAIHe/pWBqTBryCoxN5p62TqNZFwKRPDBg\n8G68J2a20tGhgyWL4iwKcQIJAgMBAAGjFjAUMBIGA1UdEwEB/wQIMAYBAf8CAQAw\nDQYJKoZIhvcNAQELBQADggEBABcIbpQeg+gKKL8E3YShkPCdf4rq8RxcXYdc2Qf6\nPHzdXkIxTp2nJfW8DCvHbTD/RV04yoD1L9DLo5FpzO0Nh+lNy707mweDUxjNIcfu\np/gjnKQhFuRBBvfm46HVAMEh5xgifSNQHHSUnQFgeWpG8lWWFay8agdAaOfEzVx9\noOvnfoJ1wxmOYhWR3ohrGS917kxfogxuSCkMyYcvjlsHuR3W3fe0sdti2DbJQ39+\njv7LaM/RBinHGVt7D05buGW8bk55GoxMGmKxpmBT2W8VtMXhrsxtLhPsbhUJU4IR\n6h3MkWbHJB1OzDWJBXCU34hGzhmizg2Fx2LmfGxOnu7+N0w=\n-----END CERTIFICATE-----",
                "common_name": "C=US,O=Google\\, Inc,CN=Google Cloud SQL Server CA,dnQualifier=bb268a65-2376-468b-b814-04b14138b3e3",
                "create_time": "2025-07-02T22:36:30.180Z",
                "expiration_time": "2035-06-30T22:37:30.180Z",
                "sha1_fingerprint": "57e896b033bcde13b589b47d67f3202b75984b62"
              }
            ],
            "service_account_email_address": "p182971022155-w0ywvn@gcp-sa-cloud-sql.iam.gserviceaccount.com",
            "settings": [
              {
                "activation_policy": "ALWAYS",
                "active_directory_config": [],
                "advanced_machine_features": [],
                "availability_type": "ZONAL",
                "backup_configuration": [
                  {
                    "backup_retention_settings": [
                      {
                        "retained_backups": 7,
                        "retention_unit": "COUNT"
                      }
                    ],
                    "binary_log_enabled": false,
                    "enabled": false,
                    "location": "",
                    "point_in_time_recovery_enabled": false,
                    "start_time": "07:00",
                    "transaction_log_retention_days": 7
                  }
                ],
                "collation": "",
                "connection_pool_config": [],
                "connector_enforcement": "NOT_REQUIRED",
                "data_cache_config": [
                  {
                    "data_cache_enabled": false
                  }
                ],
                "database_flags": [],
                "deletion_protection_enabled": false,
                "deny_maintenance_period": [],
                "disk_autoresize": true,
                "disk_autoresize_limit": 0,
                "disk_size": 10,
                "disk_type": "PD_SSD",
                "edition": "ENTERPRISE",
                "enable_dataplex_integration": false,
                "enable_google_ml_integration": false,
                "insights_config": [],
                "ip_configuration": [
                  {
                    "allocated_ip_range": "",
                    "authorized_networks": [],
                    "custom_subject_alternative_names": [],
                    "enable_private_path_for_google_cloud_services": false,
                    "ipv4_enabled": true,
                    "private_network": "projects/gruppo-9-456912/global/networks/security-sim-vpc",
                    "psc_config": [],
                    "server_ca_mode": "GOOGLE_MANAGED_INTERNAL_CA",
                    "server_ca_pool": "",
                    "ssl_mode": "ALLOW_UNENCRYPTED_AND_ENCRYPTED"
                  }
                ],
                "location_preference": [
                  {
                    "follow_gae_application": "",
                    "secondary_zone": "",
                    "zone": "europe-west1-d"
                  }
                ],
                "maintenance_window": [],
                "password_validation_policy": [],
                "pricing_plan": "PER_USE",
                "retain_backups_on_delete": false,
                "sql_server_audit_config": [],
                "tier": "db-f1-micro",
                "time_zone": "",
                "user_labels": {},
                "version": 3
              }
            ],
            "timeouts": null
          },
          "sensitive_attributes": [
            [
              {
                "type": "get_attr",
                "value": "root_password"
              }
            ],
            [
              {
                "type": "get_attr",
                "value": "server_ca_cert"
              }
            ]
          ],
          "identity_schema_version": 0,
          "private": "eyJlMmJmYjczMC1lY2FhLTExZTYtOGY4OC0zNDM2M2JjN2M0YzAiOnsiY3JlYXRlIjo1NDAwMDAwMDAwMDAwLCJkZWxldGUiOjU0MDAwMDAwMDAwMDAsInVwZGF0ZSI6NTQwMDAwMDAwMDAwMH19",
          "dependencies": [
            "module.vpc.google_compute_network.main_vpc"
          ]
        }
      ]
    },
    {
      "module": "module.cloud_sql",
      "mode": "managed",
      "type": "google_sql_user",
      "name": "main_user",
      "provider": "provider[\"registry.terraform.io/hashicorp/google\"]",
      "instances": [
        {
          "schema_version": 1,
          "attributes": {
            "deletion_policy": null,
            "host": "%",
            "id": "simuser/%/simulation-db-instance",
            "instance": "simulation-db-instance",
            "name": "simuser",
            "password": "password123!",
            "password_policy": [],
            "password_wo": null,
            "password_wo_version": null,
            "project": "gruppo-9-456912",
            "sql_server_user_details": [],
            "timeouts": null,
            "type": ""
          },
          "sensitive_attributes": [
            [
              {
                "type": "get_attr",
                "value": "password"
              }
            ]
          ],
          "identity_schema_version": 0,
          "private": "eyJlMmJmYjczMC1lY2FhLTExZTYtOGY4OC0zNDM2M2JjN2M0YzAiOnsiY3JlYXRlIjo2MDAwMDAwMDAwMDAsImRlbGV0ZSI6NjAwMDAwMDAwMDAwLCJ1cGRhdGUiOjYwMDAwMDAwMDAwMH0sInNjaGVtYV92ZXJzaW9uIjoiMSJ9",
          "dependencies": [
            "module.cloud_sql.google_sql_database_instance.main_instance",
            "module.vpc.google_compute_network.main_vpc"
          ]
        }
      ]
    },
    {
      "module": "module.cloud_storage",
      "mode": "managed",
      "type": "google_storage_bucket",
      "name": "main_bucket",
      "provider": "provider[\"registry.terraform.io/hashicorp/google\"]",
      "instances": [
        {
          "schema_version": 3,
          "attributes": {
            "autoclass": [],
            "cors": [],
            "custom_placement_config": [],
            "default_event_based_hold": false,
            "effective_labels": {
              "goog-terraform-provisioned": "true"
            },
            "enable_object_retention": false,
            "encryption": [],
            "force_destroy": false,
            "hierarchical_namespace": [
              {
                "enabled": false
              }
            ],
            "id": "gruppo-9-456912-gcs-bucket",
            "ip_filter": [],
            "labels": {},
            "lifecycle_rule": [
              {
                "action": [
                  {
                    "storage_class": "",
                    "type": "Delete"
                  }
                ],
                "condition": [
                  {
                    "age": 365,
                    "created_before": "",
                    "custom_time_before": "",
                    "days_since_custom_time": 0,
                    "days_since_noncurrent_time": 0,
                    "matches_prefix": [],
                    "matches_storage_class": [],
                    "matches_suffix": [],
                    "noncurrent_time_before": "",
                    "num_newer_versions": 0,
                    "send_age_if_zero": false,
                    "send_days_since_custom_time_if_zero": false,
                    "send_days_since_noncurrent_time_if_zero": false,
                    "send_num_newer_versions_if_zero": false,
                    "with_state": "ANY"
                  }
                ]
              }
            ],
            "location": "EUROPE-WEST1",
            "logging": [],
            "name": "gruppo-9-456912-gcs-bucket",
            "project": "gruppo-9-456912",
            "project_number": 182971022155,
            "public_access_prevention": "enforced",
            "requester_pays": false,
            "retention_policy": [],
            "rpo": null,
            "self_link": "https://www.googleapis.com/storage/v1/b/gruppo-9-456912-gcs-bucket",
            "soft_delete_policy": [
              {
                "effective_time": "2025-07-02T20:58:46.115Z",
                "retention_duration_seconds": 604800
              }
            ],
            "storage_class": "STANDARD",
            "terraform_labels": {
              "goog-terraform-provisioned": "true"
            },
            "time_created": "2025-07-02T20:58:46.115Z",
            "timeouts": null,
            "uniform_bucket_level_access": true,
            "updated": "2025-07-02T20:58:46.115Z",
            "url": "gs://gruppo-9-456912-gcs-bucket",
            "versioning": [
              {
                "enabled": true
              }
            ],
            "website": []
          },
          "sensitive_attributes": [],
          "identity_schema_version": 0,
          "private": "eyJlMmJmYjczMC1lY2FhLTExZTYtOGY4OC0zNDM2M2JjN2M0YzAiOnsiY3JlYXRlIjo2MDAwMDAwMDAwMDAsInJlYWQiOjI0MDAwMDAwMDAwMCwidXBkYXRlIjoyNDAwMDAwMDAwMDB9LCJzY2hlbWFfdmVyc2lvbiI6IjMifQ=="
        }
      ]
    },
    {
      "module": "module.firewall_rules",
      "mode": "managed",
      "type": "google_compute_firewall",
      "name": "allow_http_https_from_internet",
      "provider": "provider[\"registry.terraform.io/hashicorp/google\"]",
      "instances": [
        {
          "schema_version": 1,
          "attributes": {
            "allow": [
              {
                "ports": [
                  "80",
                  "443"
                ],
                "protocol": "tcp"
              }
            ],
            "creation_timestamp": "2025-07-02T14:12:56.958-07:00",
            "deny": [],
            "description": "",
            "destination_ranges": [],
            "direction": "INGRESS",
            "disabled": false,
            "enable_logging": null,
            "id": "projects/gruppo-9-456912/global/firewalls/security-sim-vpc-allow-http-https-internet",
            "log_config": [],
            "name": "security-sim-vpc-allow-http-https-internet",
            "network": "https://www.googleapis.com/compute/v1/projects/gruppo-9-456912/global/networks/security-sim-vpc",
            "priority": 1000,
            "project": "gruppo-9-456912",
            "self_link": "https://www.googleapis.com/compute/v1/projects/gruppo-9-456912/global/firewalls/security-sim-vpc-allow-http-https-internet",
            "source_ranges": [
              "0.0.0.0/0"
            ],
            "source_service_accounts": [],
            "source_tags": [],
            "target_service_accounts": [],
            "target_tags": [
              "web-server"
            ],
            "timeouts": null
          },
          "sensitive_attributes": [],
          "identity_schema_version": 0,
          "private": "eyJlMmJmYjczMC1lY2FhLTExZTYtOGY4OC0zNDM2M2JjN2M0YzAiOnsiY3JlYXRlIjoxMjAwMDAwMDAwMDAwLCJkZWxldGUiOjEyMDAwMDAwMDAwMDAsInVwZGF0ZSI6MTIwMDAwMDAwMDAwMH0sInNjaGVtYV92ZXJzaW9uIjoiMSJ9",
          "dependencies": [
            "module.vpc.google_compute_network.main_vpc"
          ]
        }
      ]
    },
    {
      "module": "module.firewall_rules",
      "mode": "managed",
      "type": "google_compute_firewall",
      "name": "allow_internal_clients_to_db",
      "provider": "provider[\"registry.terraform.io/hashicorp/google\"]",
      "instances": [
        {
          "schema_version": 1,
          "attributes": {
            "allow": [
              {
                "ports": [
                  "3306",
                  "5432"
                ],
                "protocol": "tcp"
              }
            ],
            "creation_timestamp": "2025-07-02T14:12:56.864-07:00",
            "deny": [],
            "description": "",
            "destination_ranges": [],
            "direction": "INGRESS",
            "disabled": false,
            "enable_logging": null,
            "id": "projects/gruppo-9-456912/global/firewalls/security-sim-vpc-allow-internal-clients-to-db",
            "log_config": [],
            "name": "security-sim-vpc-allow-internal-clients-to-db",
            "network": "https://www.googleapis.com/compute/v1/projects/gruppo-9-456912/global/networks/security-sim-vpc",
            "priority": 1000,
            "project": "gruppo-9-456912",
            "self_link": "https://www.googleapis.com/compute/v1/projects/gruppo-9-456912/global/firewalls/security-sim-vpc-allow-internal-clients-to-db",
            "source_ranges": [],
            "source_service_accounts": [],
            "source_tags": [
              "internal-client"
            ],
            "target_service_accounts": [],
            "target_tags": [
              "db-server"
            ],
            "timeouts": null
          },
          "sensitive_attributes": [],
          "identity_schema_version": 0,
          "private": "eyJlMmJmYjczMC1lY2FhLTExZTYtOGY4OC0zNDM2M2JjN2M0YzAiOnsiY3JlYXRlIjoxMjAwMDAwMDAwMDAwLCJkZWxldGUiOjEyMDAwMDAwMDAwMDAsInVwZGF0ZSI6MTIwMDAwMDAwMDAwMH0sInNjaGVtYV92ZXJzaW9uIjoiMSJ9",
          "dependencies": [
            "module.vpc.google_compute_network.main_vpc"
          ]
        }
      ]
    },
    {
      "module": "module.firewall_rules",
      "mode": "managed",
      "type": "google_compute_firewall",
      "name": "allow_internal_traffic",
      "provider": "provider[\"registry.terraform.io/hashicorp/google\"]",
      "instances": [
        {
          "schema_version": 1,
          "attributes": {
            "allow": [
              {
                "ports": [
                  "0-65535"
                ],
                "protocol": "tcp"
              },
              {
                "ports": [
                  "0-65535"
                ],
                "protocol": "udp"
              },
              {
                "ports": [],
                "protocol": "icmp"
              }
            ],
            "creation_timestamp": "2025-07-02T14:13:39.490-07:00",
            "deny": [],
            "description": "",
            "destination_ranges": [
              "10.0.1.0/24",
              "10.0.2.0/24",
              "10.0.3.0/24"
            ],
            "direction": "INGRESS",
            "disabled": false,
            "enable_logging": null,
            "id": "projects/gruppo-9-456912/global/firewalls/security-sim-vpc-allow-internal-traffic",
            "log_config": [],
            "name": "security-sim-vpc-allow-internal-traffic",
            "network": "https://www.googleapis.com/compute/v1/projects/gruppo-9-456912/global/networks/security-sim-vpc",
            "priority": 1000,
            "project": "gruppo-9-456912",
            "self_link": "https://www.googleapis.com/compute/v1/projects/gruppo-9-456912/global/firewalls/security-sim-vpc-allow-internal-traffic",
            "source_ranges": [
              "10.0.1.0/24",
              "10.0.2.0/24",
              "10.0.3.0/24"
            ],
            "source_service_accounts": [],
            "source_tags": [],
            "target_service_accounts": [],
            "target_tags": [],
            "timeouts": null
          },
          "sensitive_attributes": [],
          "identity_schema_version": 0,
          "private": "eyJlMmJmYjczMC1lY2FhLTExZTYtOGY4OC0zNDM2M2JjN2M0YzAiOnsiY3JlYXRlIjoxMjAwMDAwMDAwMDAwLCJkZWxldGUiOjEyMDAwMDAwMDAwMDAsInVwZGF0ZSI6MTIwMDAwMDAwMDAwMH0sInNjaGVtYV92ZXJzaW9uIjoiMSJ9",
          "dependencies": [
            "module.vpc.google_compute_network.main_vpc",
            "module.vpc.google_compute_subnetwork.subnets"
          ]
        }
      ]
    },
    {
      "module": "module.firewall_rules",
      "mode": "managed",
      "type": "google_compute_firewall",
      "name": "allow_ssh_from_internet",
      "provider": "provider[\"registry.terraform.io/hashicorp/google\"]",
      "instances": [
        {
          "schema_version": 1,
          "attributes": {
            "allow": [
              {
                "ports": [
                  "22"
                ],
                "protocol": "tcp"
              }
            ],
            "creation_timestamp": "2025-07-02T14:12:57.038-07:00",
            "deny": [],
            "description": "",
            "destination_ranges": [],
            "direction": "INGRESS",
            "disabled": false,
            "enable_logging": null,
            "id": "projects/gruppo-9-456912/global/firewalls/security-sim-vpc-allow-ssh-internet",
            "log_config": [],
            "name": "security-sim-vpc-allow-ssh-internet",
            "network": "https://www.googleapis.com/compute/v1/projects/gruppo-9-456912/global/networks/security-sim-vpc",
            "priority": 1000,
            "project": "gruppo-9-456912",
            "self_link": "https://www.googleapis.com/compute/v1/projects/gruppo-9-456912/global/firewalls/security-sim-vpc-allow-ssh-internet",
            "source_ranges": [
              "10.0.0.0/24",
              "10.0.1.0/24",
              "10.0.2.0/24",
              "10.0.3.0/24"
            ],
            "source_service_accounts": [],
            "source_tags": [],
            "target_service_accounts": [],
            "target_tags": [
              "attacker-node",
              "dmz-instance"
            ],
            "timeouts": null
          },
          "sensitive_attributes": [],
          "identity_schema_version": 0,
          "private": "eyJlMmJmYjczMC1lY2FhLTExZTYtOGY4OC0zNDM2M2JjN2M0YzAiOnsiY3JlYXRlIjoxMjAwMDAwMDAwMDAwLCJkZWxldGUiOjEyMDAwMDAwMDAwMDAsInVwZGF0ZSI6MTIwMDAwMDAwMDAwMH0sInNjaGVtYV92ZXJzaW9uIjoiMSJ9",
          "dependencies": [
            "module.vpc.google_compute_network.main_vpc"
          ]
        }
      ]
    },
    {
      "module": "module.server_compute_instance[\"dns-server\"]",
      "mode": "managed",
      "type": "google_compute_instance",
      "name": "vm",
      "provider": "provider[\"registry.terraform.io/hashicorp/google\"]",
      "instances": [
        {
          "schema_version": 6,
          "attributes": {
            "advanced_machine_features": [],
            "allow_stopping_for_update": null,
            "attached_disk": [],
            "boot_disk": [
              {
                "auto_delete": true,
                "device_name": "persistent-disk-0",
                "disk_encryption_key_raw": "",
                "disk_encryption_key_rsa": "",
                "disk_encryption_key_sha256": "",
                "disk_encryption_service_account": "",
                "force_attach": false,
                "guest_os_features": [
                  "UEFI_COMPATIBLE",
                  "VIRTIO_SCSI_MULTIQUEUE",
                  "GVNIC"
                ],
                "initialize_params": [
                  {
                    "architecture": "X86_64",
                    "enable_confidential_compute": false,
                    "image": "https://www.googleapis.com/compute/v1/projects/debian-cloud/global/images/debian-11-bullseye-v20250610",
                    "labels": {},
                    "provisioned_iops": 0,
                    "provisioned_throughput": 0,
                    "resource_manager_tags": {},
                    "resource_policies": [],
                    "size": 10,
                    "snapshot": "",
                    "source_image_encryption_key": [],
                    "source_snapshot_encryption_key": [],
                    "storage_pool": "",
                    "type": "pd-standard"
                  }
                ],
                "interface": "",
                "kms_key_self_link": "",
                "mode": "READ_WRITE",
                "source": "https://www.googleapis.com/compute/v1/projects/gruppo-9-456912/zones/europe-west1-b/disks/dns-server-01"
              }
            ],
            "can_ip_forward": false,
            "confidential_instance_config": [],
            "cpu_platform": "Intel Broadwell",
            "creation_timestamp": "2025-07-03T03:17:44.797-07:00",
            "current_status": "RUNNING",
            "deletion_protection": false,
            "description": "",
            "desired_status": null,
            "effective_labels": {
              "goog-terraform-provisioned": "true"
            },
            "enable_display": false,
            "guest_accelerator": [],
            "hostname": "",
            "id": "projects/gruppo-9-456912/zones/europe-west1-b/instances/dns-server-01",
            "instance_encryption_key": [],
            "instance_id": "4891048621619537447",
            "key_revocation_action_type": "",
            "label_fingerprint": "vezUS-42LLM=",
            "labels": {},
            "machine_type": "e2-small",
            "metadata": {},
            "metadata_fingerprint": "bHwoz8DMqxA=",
            "metadata_startup_script": "#!/bin/bash\nsudo apt-get update \u0026\u0026 sudo apt-get install -y bind9 bind9utils bind9-doc \u0026\u0026 sudo systemctl start bind9 \u0026\u0026 sudo systemctl enable bind9",
            "min_cpu_platform": "",
            "name": "dns-server-01",
            "network_interface": [
              {
                "access_config": [
                  {
                    "nat_ip": "34.76.56.110",
                    "network_tier": "PREMIUM",
                    "public_ptr_domain_name": ""
                  }
                ],
                "alias_ip_range": [],
                "internal_ipv6_prefix_length": 0,
                "ipv6_access_config": [],
                "ipv6_access_type": "",
                "ipv6_address": "",
                "name": "nic0",
                "network": "https://www.googleapis.com/compute/v1/projects/gruppo-9-456912/global/networks/security-sim-vpc",
                "network_attachment": "",
                "network_ip": "10.0.1.4",
                "nic_type": "",
                "queue_count": 0,
                "stack_type": "IPV4_ONLY",
                "subnetwork": "https://www.googleapis.com/compute/v1/projects/gruppo-9-456912/regions/europe-west1/subnetworks/dmz-subnet",
                "subnetwork_project": "gruppo-9-456912"
              }
            ],
            "network_performance_config": [],
            "params": [],
            "project": "gruppo-9-456912",
            "reservation_affinity": [],
            "resource_policies": [],
            "scheduling": [
              {
                "automatic_restart": true,
                "availability_domain": 0,
                "instance_termination_action": "",
                "local_ssd_recovery_timeout": [],
                "max_run_duration": [],
                "min_node_cpus": 0,
                "node_affinities": [],
                "on_host_maintenance": "MIGRATE",
                "on_instance_stop_action": [],
                "preemptible": false,
                "provisioning_model": "STANDARD",
                "termination_time": ""
              }
            ],
            "scratch_disk": [],
            "self_link": "https://www.googleapis.com/compute/v1/projects/gruppo-9-456912/zones/europe-west1-b/instances/dns-server-01",
            "service_account": [],
            "shielded_instance_config": [
              {
                "enable_integrity_monitoring": true,
                "enable_secure_boot": false,
                "enable_vtpm": true
              }
            ],
            "tags": [
              "dns-server"
            ],
            "tags_fingerprint": "u4j0VmStUC8=",
            "terraform_labels": {
              "goog-terraform-provisioned": "true"
            },
            "timeouts": null,
            "zone": "europe-west1-b"
          },
          "sensitive_attributes": [
            [
              {
                "type": "get_attr",
                "value": "boot_disk"
              },
              {
                "type": "index",
                "value": {
                  "value": 0,
                  "type": "number"
                }
              },
              {
                "type": "get_attr",
                "value": "disk_encryption_key_raw"
              }
            ],
            [
              {
                "type": "get_attr",
                "value": "boot_disk"
              },
              {
                "type": "index",
                "value": {
                  "value": 0,
                  "type": "number"
                }
              },
              {
                "type": "get_attr",
                "value": "disk_encryption_key_rsa"
              }
            ]
          ],
          "identity_schema_version": 0,
          "private": "eyJlMmJmYjczMC1lY2FhLTExZTYtOGY4OC0zNDM2M2JjN2M0YzAiOnsiY3JlYXRlIjoxMjAwMDAwMDAwMDAwLCJkZWxldGUiOjEyMDAwMDAwMDAwMDAsInVwZGF0ZSI6MTIwMDAwMDAwMDAwMH0sInNjaGVtYV92ZXJzaW9uIjoiNiJ9",
          "dependencies": [
            "module.vpc.google_compute_network.main_vpc",
            "module.vpc.google_compute_subnetwork.subnets"
          ]
        }
      ]
    },
    {
      "module": "module.vpc",
      "mode": "managed",
      "type": "google_compute_network",
      "name": "main_vpc",
      "provider": "provider[\"registry.terraform.io/hashicorp/google\"]",
      "instances": [
        {
          "schema_version": 0,
          "attributes": {
            "auto_create_subnetworks": false,
            "bgp_always_compare_med": false,
            "bgp_best_path_selection_mode": "LEGACY",
            "bgp_inter_region_cost": "",
            "delete_default_routes_on_create": false,
            "description": "",
            "enable_ula_internal_ipv6": false,
            "gateway_ipv4": "",
            "id": "projects/gruppo-9-456912/global/networks/security-sim-vpc",
            "internal_ipv6_range": "",
            "mtu": 0,
            "name": "security-sim-vpc",
            "network_firewall_policy_enforcement_order": "AFTER_CLASSIC_FIREWALL",
            "network_id": "1595545607245198460",
            "network_profile": "",
            "numeric_id": "1595545607245198460",
            "params": [],
            "project": "gruppo-9-456912",
            "routing_mode": "REGIONAL",
            "self_link": "https://www.googleapis.com/compute/v1/projects/gruppo-9-456912/global/networks/security-sim-vpc",
            "timeouts": null
          },
          "sensitive_attributes": [],
          "identity_schema_version": 0,
          "private": "eyJlMmJmYjczMC1lY2FhLTExZTYtOGY4OC0zNDM2M2JjN2M0YzAiOnsiY3JlYXRlIjoxMjAwMDAwMDAwMDAwLCJkZWxldGUiOjEyMDAwMDAwMDAwMDAsInVwZGF0ZSI6MTIwMDAwMDAwMDAwMH0sInNjaGVtYV92ZXJzaW9uIjoiMCJ9"
        }
      ]
    },
    {
      "module": "module.vpc",
      "mode": "managed",
      "type": "google_compute_subnetwork",
      "name": "subnets",
      "provider": "provider[\"registry.terraform.io/hashicorp/google\"]",
      "instances": [
        {
          "index_key": "db-subnet",
          "schema_version": 0,
          "attributes": {
            "creation_timestamp": "2025-07-02T14:12:57.402-07:00",
            "description": "Subnet per il database.",
            "enable_flow_logs": false,
            "external_ipv6_prefix": "",
            "fingerprint": null,
            "gateway_address": "10.0.3.1",
            "id": "projects/gruppo-9-456912/regions/europe-west1/subnetworks/db-subnet",
            "internal_ipv6_prefix": "",
            "ip_cidr_range": "10.0.3.0/24",
            "ip_collection": null,
            "ipv6_access_type": "",
            "ipv6_cidr_range": "",
            "ipv6_gce_endpoint": "",
            "log_config": [],
            "name": "db-subnet",
            "network": "https://www.googleapis.com/compute/v1/projects/gruppo-9-456912/global/networks/security-sim-vpc",
            "private_ip_google_access": false,
            "private_ipv6_google_access": "DISABLE_GOOGLE_ACCESS",
            "project": "gruppo-9-456912",
            "purpose": "PRIVATE",
            "region": "europe-west1",
            "reserved_internal_range": "",
            "role": "",
            "secondary_ip_range": [],
            "self_link": "https://www.googleapis.com/compute/v1/projects/gruppo-9-456912/regions/europe-west1/subnetworks/db-subnet",
            "send_secondary_ip_range_if_empty": null,
            "stack_type": "IPV4_ONLY",
            "state": "",
            "subnetwork_id": 357064600300559926,
            "timeouts": null
          },
          "sensitive_attributes": [],
          "identity_schema_version": 0,
          "private": "eyJlMmJmYjczMC1lY2FhLTExZTYtOGY4OC0zNDM2M2JjN2M0YzAiOnsiY3JlYXRlIjoxMjAwMDAwMDAwMDAwLCJkZWxldGUiOjEyMDAwMDAwMDAwMDAsInVwZGF0ZSI6MTIwMDAwMDAwMDAwMH19",
          "dependencies": [
            "module.vpc.google_compute_network.main_vpc"
          ]
        },
        {
          "index_key": "dmz-subnet",
          "schema_version": 0,
          "attributes": {
            "creation_timestamp": "2025-07-02T14:12:57.286-07:00",
            "description": "Subnet per servizi esposti (Web, Attacker).",
            "enable_flow_logs": false,
            "external_ipv6_prefix": "",
            "fingerprint": null,
            "gateway_address": "10.0.1.1",
            "id": "projects/gruppo-9-456912/regions/europe-west1/subnetworks/dmz-subnet",
            "internal_ipv6_prefix": "",
            "ip_cidr_range": "10.0.1.0/24",
            "ip_collection": null,
            "ipv6_access_type": "",
            "ipv6_cidr_range": "",
            "ipv6_gce_endpoint": "",
            "log_config": [],
            "name": "dmz-subnet",
            "network": "https://www.googleapis.com/compute/v1/projects/gruppo-9-456912/global/networks/security-sim-vpc",
            "private_ip_google_access": false,
            "private_ipv6_google_access": "DISABLE_GOOGLE_ACCESS",
            "project": "gruppo-9-456912",
            "purpose": "PRIVATE",
            "region": "europe-west1",
            "reserved_internal_range": "",
            "role": "",
            "secondary_ip_range": [],
            "self_link": "https://www.googleapis.com/compute/v1/projects/gruppo-9-456912/regions/europe-west1/subnetworks/dmz-subnet",
            "send_secondary_ip_range_if_empty": null,
            "stack_type": "IPV4_ONLY",
            "state": "",
            "subnetwork_id": 1522550318767283766,
            "timeouts": null
          },
          "sensitive_attributes": [],
          "identity_schema_version": 0,
          "private": "eyJlMmJmYjczMC1lY2FhLTExZTYtOGY4OC0zNDM2M2JjN2M0YzAiOnsiY3JlYXRlIjoxMjAwMDAwMDAwMDAwLCJkZWxldGUiOjEyMDAwMDAwMDAwMDAsInVwZGF0ZSI6MTIwMDAwMDAwMDAwMH19",
          "dependencies": [
            "module.vpc.google_compute_network.main_vpc"
          ]
        },
        {
          "index_key": "internal-subnet",
          "schema_version": 0,
          "attributes": {
            "creation_timestamp": "2025-07-02T14:12:57.323-07:00",
            "description": "Subnet per client interni e servizi applicativi.",
            "enable_flow_logs": false,
            "external_ipv6_prefix": "",
            "fingerprint": null,
            "gateway_address": "10.0.2.1",
            "id": "projects/gruppo-9-456912/regions/europe-west1/subnetworks/internal-subnet",
            "internal_ipv6_prefix": "",
            "ip_cidr_range": "10.0.2.0/24",
            "ip_collection": null,
            "ipv6_access_type": "",
            "ipv6_cidr_range": "",
            "ipv6_gce_endpoint": "",
            "log_config": [],
            "name": "internal-subnet",
            "network": "https://www.googleapis.com/compute/v1/projects/gruppo-9-456912/global/networks/security-sim-vpc",
            "private_ip_google_access": false,
            "private_ipv6_google_access": "DISABLE_GOOGLE_ACCESS",
            "project": "gruppo-9-456912",
            "purpose": "PRIVATE",
            "region": "europe-west1",
            "reserved_internal_range": "",
            "role": "",
            "secondary_ip_range": [],
            "self_link": "https://www.googleapis.com/compute/v1/projects/gruppo-9-456912/regions/europe-west1/subnetworks/internal-subnet",
            "send_secondary_ip_range_if_empty": null,
            "stack_type": "IPV4_ONLY",
            "state": "",
            "subnetwork_id": 222866397221887542,
            "timeouts": null
          },
          "sensitive_attributes": [],
          "identity_schema_version": 0,
          "private": "eyJlMmJmYjczMC1lY2FhLTExZTYtOGY4OC0zNDM2M2JjN2M0YzAiOnsiY3JlYXRlIjoxMjAwMDAwMDAwMDAwLCJkZWxldGUiOjEyMDAwMDAwMDAwMDAsInVwZGF0ZSI6MTIwMDAwMDAwMDAwMH19",
          "dependencies": [
            "module.vpc.google_compute_network.main_vpc"
          ]
        }
      ]
    }
  ],
  "check_results": null
}
